// !$*UTF8*$!
{
	archiveVersion = 1;
	classes = {
	};
	objectVersion = 46;
	objects = {

/* Begin PBXBuildFile section */
		71EBD1241F0E6FCB00208224 /* main.c in Sources */ = {isa = PBXBuildFile; fileRef = 71EBD1231F0E6FCB00208224 /* main.c */; };
		71EBD12C1F0E6FEE00208224 /* lamalloc.c in Sources */ = {isa = PBXBuildFile; fileRef = 71EBD12A1F0E6FEE00208224 /* lamalloc.c */; };
		71EBD1301F0E70B600208224 /* Makefile in Sources */ = {isa = PBXBuildFile; fileRef = 71EBD12F1F0E70B600208224 /* Makefile */; };
/* End PBXBuildFile section */

/* Begin PBXCopyFilesBuildPhase section */
		71EBD11E1F0E6FCB00208224 /* CopyFiles */ = {
			isa = PBXCopyFilesBuildPhase;
			buildActionMask = 2147483647;
			dstPath = /usr/share/man/man1/;
			dstSubfolderSpec = 0;
			files = (
			);
			runOnlyForDeploymentPostprocessing = 1;
		};
/* End PBXCopyFilesBuildPhase section */

/* Begin PBXFileReference section */
		71EBD1201F0E6FCB00208224 /* mem_la */ = {isa = PBXFileReference; explicitFileType = "compiled.mach-o.executable"; includeInIndex = 0; path = mem_la; sourceTree = BUILT_PRODUCTS_DIR; };
		71EBD1231F0E6FCB00208224 /* main.c */ = {isa = PBXFileReference; lastKnownFileType = sourcecode.c.c; path = main.c; sourceTree = "<group>"; };
		71EBD12A1F0E6FEE00208224 /* lamalloc.c */ = {isa = PBXFileReference; fileEncoding = 4; lastKnownFileType = sourcecode.c.c; path = lamalloc.c; sourceTree = "<group>"; };
		71EBD12B1F0E6FEE00208224 /* lamalloc.h */ = {isa = PBXFileReference; fileEncoding = 4; lastKnownFileType = sourcecode.c.h; path = lamalloc.h; sourceTree = "<group>"; };
		71EBD12F1F0E70B600208224 /* Makefile */ = {isa = PBXFileReference; fileEncoding = 4; lastKnownFileType = sourcecode.make; name = Makefile; path = mem_la/Makefile; sourceTree = "<group>"; };
/* End PBXFileReference section */

/* Begin PBXFrameworksBuildPhase section */
		71EBD11D1F0E6FCB00208224 /* Frameworks */ = {
			isa = PBXFrameworksBuildPhase;
			buildActionMask = 2147483647;
			files = (
			);
			runOnlyForDeploymentPostprocessing = 0;
		};
/* End PBXFrameworksBuildPhase section */

/* Begin PBXGroup section */
		71EBD1171F0E6FCB00208224 = {
			isa = PBXGroup;
			children = (
				71EBD12F1F0E70B600208224 /* Makefile */,
				71EBD1221F0E6FCB00208224 /* mem_la */,
				71EBD1211F0E6FCB00208224 /* Products */,
			);
			sourceTree = "<group>";
		};
		71EBD1211F0E6FCB00208224 /* Products */ = {
			isa = PBXGroup;
			children = (
				71EBD1201F0E6FCB00208224 /* mem_la */,
			);
			name = Products;
			sourceTree = "<group>";
		};
		71EBD1221F0E6FCB00208224 /* mem_la */ = {
			isa = PBXGroup;
			children = (
				71EBD1231F0E6FCB00208224 /* main.c */,
				71EBD12A1F0E6FEE00208224 /* lamalloc.c */,
				71EBD12B1F0E6FEE00208224 /* lamalloc.h */,
			);
			path = mem_la;
			sourceTree = "<group>";
		};
/* End PBXGroup section */

/* Begin PBXNativeTarget section */
		71EBD11F1F0E6FCB00208224 /* mem_la */ = {
			isa = PBXNativeTarget;
			buildConfigurationList = 71EBD1271F0E6FCB00208224 /* Build configuration list for PBXNativeTarget "mem_la" */;
			buildPhases = (
				71EBD11C1F0E6FCB00208224 /* Sources */,
				71EBD11D1F0E6FCB00208224 /* Frameworks */,
				71EBD11E1F0E6FCB00208224 /* CopyFiles */,
			);
			buildRules = (
			);
			dependencies = (
			);
			name = mem_la;
			productName = mem_la;
			productReference = 71EBD1201F0E6FCB00208224 /* mem_la */;
			productType = "com.apple.product-type.tool";
		};
/* End PBXNativeTarget section */

/* Begin PBXProject section */
		71EBD1181F0E6FCB00208224 /* Project object */ = {
			isa = PBXProject;
			attributes = {
				LastUpgradeCheck = 0830;
				ORGANIZATIONNAME = FB;
				TargetAttributes = {
					71EBD11F1F0E6FCB00208224 = {
						CreatedOnToolsVersion = 8.3.3;
						ProvisioningStyle = Automatic;
					};
				};
			};
			buildConfigurationList = 71EBD11B1F0E6FCB00208224 /* Build configuration list for PBXProject "mem_la" */;
			compatibilityVersion = "Xcode 3.2";
			developmentRegion = English;
			hasScannedForEncodings = 0;
			knownRegions = (
				en,
			);
			mainGroup = 71EBD1171F0E6FCB00208224;
			productRefGroup = 71EBD1211F0E6FCB00208224 /* Products */;
			projectDirPath = "";
			projectRoot = "";
			targets = (
				71EBD11F1F0E6FCB00208224 /* mem_la */,
			);
		};
/* End PBXProject section */

/* Begin PBXSourcesBuildPhase section */
		71EBD11C1F0E6FCB00208224 /* Sources */ = {
			isa = PBXSourcesBuildPhase;
			buildActionMask = 2147483647;
			files = (
				71EBD1301F0E70B600208224 /* Makefile in Sources */,
				71EBD12C1F0E6FEE00208224 /* lamalloc.c in Sources */,
				71EBD1241F0E6FCB00208224 /* main.c in Sources */,
			);
			runOnlyForDeploymentPostprocessing = 0;
		};
/* End PBXSourcesBuildPhase section */

/* Begin XCBuildConfiguration section */
		71EBD1251F0E6FCB00208224 /* Debug */ = {
			isa = XCBuildConfiguration;
			buildSettings = {
				ALWAYS_SEARCH_USER_PATHS = NO;
				CLANG_ANALYZER_NONNULL = YES;
				CLANG_ANALYZER_NUMBER_OBJECT_CONVERSION = YES_AGGRESSIVE;
				CLANG_CXX_LANGUAGE_STANDARD = "gnu++0x";
				CLANG_CXX_LIBRARY = "libc++";
				CLANG_ENABLE_MODULES = YES;
				CLANG_ENABLE_OBJC_ARC = YES;
				CLANG_WARN_BOOL_CONVERSION = YES;
				CLANG_WARN_CONSTANT_CONVERSION = YES;
				CLANG_WARN_DIRECT_OBJC_ISA_USAGE = YES_ERROR;
				CLANG_WARN_DOCUMENTATION_COMMENTS = YES;
				CLANG_WARN_EMPTY_BODY = YES;
				CLANG_WARN_ENUM_CONVERSION = YES;
				CLANG_WARN_INFINITE_RECURSION = YES;
				CLANG_WARN_INT_CONVERSION = YES;
				CLANG_WARN_OBJC_ROOT_CLASS = YES_ERROR;
				CLANG_WARN_SUSPICIOUS_MOVE = YES;
				CLANG_WARN_UNREACHABLE_CODE = YES;
				CLANG_WARN__DUPLICATE_METHOD_MATCH = YES;
				CODE_SIGN_IDENTITY = "-";
				COPY_PHASE_STRIP = NO;
				DEBUG_INFORMATION_FORMAT = dwarf;
				ENABLE_STRICT_OBJC_MSGSEND = YES;
				ENABLE_TESTABILITY = YES;
				GCC_C_LANGUAGE_STANDARD = gnu99;
				GCC_DYNAMIC_NO_PIC = NO;
				GCC_NO_COMMON_BLOCKS = YES;
				GCC_OPTIMIZATION_LEVEL = 0;
				GCC_PREPROCESSOR_DEFINITIONS = (
					"DEBUG=1",
					"$(inherited)",
				);
				GCC_WARN_64_TO_32_BIT_CONVERSION = YES;
				GCC_WARN_ABOUT_RETURN_TYPE = YES_ERROR;
				GCC_WARN_UNDECLARED_SELECTOR = YES;
				GCC_WARN_UNINITIALIZED_AUTOS = YES_AGGRESSIVE;
				GCC_WARN_UNUSED_FUNCTION = YES;
				GCC_WARN_UNUSED_VARIABLE = YES;
				MACOSX_DEPLOYMENT_TARGET = 10.12;
				MTL_ENABLE_DEBUG_INFO = YES;
				ONLY_ACTIVE_ARCH = YES;
				SDKROOT = macosx;
			};
			name = Debug;
		};
		71EBD1261F0E6FCB00208224 /* Release */ = {
			isa = XCBuildConfiguration;
			buildSettings = {
				ALWAYS_SEARCH_USER_PATHS = NO;
				CLANG_ANALYZER_NONNULL = YES;
				CLANG_ANALYZER_NUMBER_OBJECT_CONVERSION = YES_AGGRESSIVE;
				CLANG_CXX_LANGUAGE_STANDARD = "gnu++0x";
				CLANG_CXX_LIBRARY = "libc++";
				CLANG_ENABLE_MODULES = YES;
				CLANG_ENABLE_OBJC_ARC = YES;
				CLANG_WARN_BOOL_CONVERSION = YES;
				CLANG_WARN_CONSTANT_CONVERSION = YES;
				CLANG_WARN_DIRECT_OBJC_ISA_USAGE = YES_ERROR;
				CLANG_WARN_DOCUMENTATION_COMMENTS = YES;
				CLANG_WARN_EMPTY_BODY = YES;
				CLANG_WARN_ENUM_CONVERSION = YES;
				CLANG_WARN_INFINITE_RECURSION = YES;
				CLANG_WARN_INT_CONVERSION = YES;
				CLANG_WARN_OBJC_ROOT_CLASS = YES_ERROR;
				CLANG_WARN_SUSPICIOUS_MOVE = YES;
				CLANG_WARN_UNREACHABLE_CODE = YES;
				CLANG_WARN__DUPLICATE_METHOD_MATCH = YES;
				CODE_SIGN_IDENTITY = "-";
				COPY_PHASE_STRIP = NO;
				DEBUG_INFORMATION_FORMAT = "dwarf-with-dsym";
				ENABLE_NS_ASSERTIONS = NO;
				ENABLE_STRICT_OBJC_MSGSEND = YES;
				GCC_C_LANGUAGE_STANDARD = gnu99;
				GCC_NO_COMMON_BLOCKS = YES;
				GCC_WARN_64_TO_32_BIT_CONVERSION = YES;
				GCC_WARN_ABOUT_RETURN_TYPE = YES_ERROR;
				GCC_WARN_UNDECLARED_SELECTOR = YES;
				GCC_WARN_UNINITIALIZED_AUTOS = YES_AGGRESSIVE;
				GCC_WARN_UNUSED_FUNCTION = YES;
				GCC_WARN_UNUSED_VARIABLE = YES;
				MACOSX_DEPLOYMENT_TARGET = 10.12;
				MTL_ENABLE_DEBUG_INFO = NO;
				SDKROOT = macosx;
			};
			name = Release;
		};
		71EBD1281F0E6FCB00208224 /* Debug */ = {
			isa = XCBuildConfiguration;
			buildSettings = {
				PRODUCT_NAME = "$(TARGET_NAME)";
			};
			name = Debug;
		};
		71EBD1291F0E6FCB00208224 /* Release */ = {
			isa = XCBuildConfiguration;
			buildSettings = {
				PRODUCT_NAME = "$(TARGET_NAME)";
			};
			name = Release;
		};
/* End XCBuildConfiguration section */

/* Begin XCConfigurationList section */
		71EBD11B1F0E6FCB00208224 /* Build configuration list for PBXProject "mem_la" */ = {
			isa = XCConfigurationList;
			buildConfigurations = (
				71EBD1251F0E6FCB00208224 /* Debug */,
				71EBD1261F0E6FCB00208224 /* Release */,
			);
			defaultConfigurationIsVisible = 0;
			defaultConfigurationName = Release;
		};
		71EBD1271F0E6FCB00208224 /* Build configuration list for PBXNativeTarget "mem_la" */ = {
			isa = XCConfigurationList;
			buildConfigurations = (
				71EBD1281F0E6FCB00208224 /* Debug */,
				71EBD1291F0E6FCB00208224 /* Release */,
			);
			defaultConfigurationIsVisible = 0;
		};
/* End XCConfigurationList section */
	};
	rootObject = 71EBD1181F0E6FCB00208224 /* Project object */;
}
